github.com/AllenDang/giu v0.5.6 h1:hbZeDR3ytw19vSFDWK6JufYjI9UWpJ9eaESMpyaUM/g=
github.com/AllenDang/giu v0.5.6/go.mod h1:774t10sDAMEbFtI0Mn1Xo7VlMjKPi6uvqifESPrODnY=
github.com/AllenDang/giu v0.5.7-0.20210927081311-2a792dae8138 h1:B2Mqa1UmxfPnY7NDIk5/5yxo8cS+QYiAsDSq73RFsSg=
github.com/AllenDang/giu v0.5.7-0.20210927081311-2a792dae8138/go.mod h1:MLf4t5Pk2ZYob4J5xLRVng5zXjesIO2lJWILnNdaJR8=
github.com/AllenDang/giu v0.5.7-0.20210929101140-50bb71316c51 h1:t3Bh1JCwxCC8CDBHbOPRDwwraBcxzF5gxdzrbED8yo4=
github.com/AllenDang/giu v0.5.7-0.20210929101140-50bb71316c51/go.mod h1:XujCI/qqvGrx+ESJV3jE/8ixfdOoV/eHm7+aKK7twqY=
github.com/AllenDang/go-findfont v0.0.0-20200702051237-9f180485aeb8 h1:dKZMqib/yUDoCFigmz2agG8geZ/e3iRq304/KJXqKyw=
github.com/AllenDang/go-findfont v0.0.0-20200702051237-9f180485aeb8/go.mod h1:b4uuDd0s6KRIPa84cEEchdQ9ICh7K0OryZHbSzMca9k=
github.com/AllenDang/imgui-go v1.12.1-0.20210801050644-e183d1c04c13 h1:8i7ZGtBAQ+eNpPYxfwHDd9Ztsu68OAAScwn26Yb16wA=
github.com/AllenDang/imgui-go v1.12.1-0.20210801050644-e183d1c04c13/go.mod h1:+pYwstqlGGlU2lI1FREPlVAKP2nwV+bNhAlMrbQynhQ=
github.com/AllenDang/imgui-go v1.12.1-0.20210927080912-46269bd8d896 h1:bPddJWSxwIkJomdrGL2VQZl0MmP2f6Cll/D/TyV5S/4=
github.com/AllenDang/imgui-go v1.12.1-0.20210927080912-46269bd8d896/go.mod h1:2jS7bvvG+PejKdNu4eg2UYqx7Ky8IXGAhxOfjq9qTNk=
github.com/AllenDang/imgui-go v1.12.1-0.20210929095526-68b309906bdc h1:3Yei2NDEVRPwW/nawkRKTbuRixeaZduKr8knNMUJ2KA=
github.com/AllenDang/imgui-go v1.12.1-0.20210929095526-68b309906bdc/go.mod h1:2jS7bvvG+PejKdNu4eg2UYqx7Ky8IXGAhxOfjq9qTNk=
github.com/davecgh/go-spew v1.1.0 h1:ZDRjVQ15GmhC3fiQ8ni8+OwkZQO4DARzQgrnXU1Liz8=
github.com/davecgh/go-spew v1.1.0/go.mod h1:J7Y8YcW2NihsgmVo/mv3lAwl/skON4iLHjSsI+c5H38=
github.com/eaburns/T v0.0.0-20190217122806-dbc7887ff15c h1:KkBQrE9rvZDvX7bcICJ3jkECEw5zD8WaI1xlE/8uNk4=
github.com/faiface/mainthread v0.0.0-20171120011319-8b78f0a41ae3 h1:baVdMKlASEHrj19iqjARrPbaRisD7EuZEVJj6ZMLl1Q=
github.com/faiface/mainthread v0.0.0-20171120011319-8b78f0a41ae3/go.mod h1:VEPNJUlxl5KdWjDvz6Q1l+rJlxF2i6xqDeGuGAxa87M=
github.com/fvbommel/util v0.0.3 h1:/uQiVCCb9QGbBGf51tcx2D6Poi+Op2UpU+6qGP5nEdk=
github.com/go-gl/gl v0.0.0-20210315015930-ae072cafe09d/go.mod h1:482civXOzJJCPzJ4ZOX/pwvXBWSnzD4OKMdH4ClKGbk=
github.com/go-gl/gl v0.0.0-20210501111010-69f74958bac0 h1:7xNa69TzlTrKtlBtE4yyNRFP9oqAneXAs9oKJkVOECs=
github.com/go-gl/gl v0.0.0-20210501111010-69f74958bac0/go.mod h1:wjpnOv6ONl2SuJSxqCPVaPZibGFdSci9HFocT9qtVYM=
github.com/go-gl/gl v0.0.0-20210905235341-f7a045908259 h1:8q7+xl2D2qHPLTII1t4vSMNP2VKwDcn+Avf2WXvdB1A=
github.com/go-gl/gl v0.0.0-20210905235341-f7a045908259/go.mod h1:wjpnOv6ONl2SuJSxqCPVaPZibGFdSci9HFocT9qtVYM=
github.com/go-gl/gl v0.0.0-20211025173605-bda47ffaa784 h1:1Zi56D0LNfvkzM+BdoxKryvUEdyWO7LP8oRT+oSYJW0=
github.com/go-gl/gl v0.0.0-20211025173605-bda47ffaa784/go.mod h1:9YTyiznxEY1fVinfM7RvRcjRHbw2xLBJ3AAGIT0I4Nw=
github.com/go-gl/glfw/v3.3/glfw v0.0.0-20210410170116-ea3d685f79fb h1:T6gaWBvRzJjuOrdCtg8fXXjKai2xSDqWTcKFUPuw8Tw=
github.com/go-gl/glfw/v3.3/glfw v0.0.0-20210410170116-ea3d685f79fb/go.mod h1:tQ2UAYgL5IevRw8kRxooKSPJfGvJ9fJQFa0TUsXzTg8=
github.com/go-gl/glfw/v3.3/glfw v0.0.0-20210727001814-0db043d8d5be h1:vEIVIuBApEBQTEJt19GfhoU+zFSV+sNTa9E9FdnRYfk=
github.com/go-gl/glfw/v3.3/glfw v0.0.0-20210727001814-0db043d8d5be/go.mod h1:tQ2UAYgL5IevRw8kRxooKSPJfGvJ9fJQFa0TUsXzTg8=
github.com/go-gl/glfw/v3.3/glfw v0.0.0-20211024062804-40e447a793be h1:Z28GdQBfKOL8tNHjvaDn3wHDO7AzTRkmAXvHvnopp98=
github.com/go-gl/glfw/v3.3/glfw v0.0.0-20211024062804-40e447a793be/go.mod h1:tQ2UAYgL5IevRw8kRxooKSPJfGvJ9fJQFa0TUsXzTg8=
github.com/go-resty/resty/v2 v2.3.0 h1:JOOeAvjSlapTT92p8xiS19Zxev1neGikoHsXJeOq8So=
github.com/go-resty/resty/v2 v2.3.0/go.mod h1:UpN9CgLZNsv4e9XG50UU8xdI0F43UQ4HmxLBDwaroHU=
github.com/go-resty/resty/v2 v2.6.0 h1:joIR5PNLM2EFqqESUjCMGXrWmXNHEU9CEiK813oKYS4=
github.com/go-resty/resty/v2 v2.6.0/go.mod h1:PwvJS6hvaPkjtjNg9ph+VrSD92bi5Zq73w/BIH7cC3Q=
github.com/go-resty/resty/v2 v2.7.0 h1:me+K9p3uhSmXtrBZ4k9jcEAfJmuC8IivWHwaLZwPrFY=
github.com/go-resty/resty/v2 v2.7.0/go.mod h1:9PWDzw47qPphMRFfhsyk0NnSgvluHcljSMVIq3w7q0I=
github.com/kylelemons/godebug v1.1.0 h1:RPNrshWIDI6G2gRW9EHilWtl7Z6Sb1BR0xunSBf0SNc=
github.com/kylelemons/godebug v1.1.0/go.mod h1:9/0rRGxNHcop5bhtWyNeEfOS8JIWk580+fNqagV/RAw=
github.com/pmezard/go-difflib v1.0.0 h1:4DBwDE0NGyQoBHbLQYPwSUPoCMWR5BEzIk/f1lZbAQM=
github.com/pmezard/go-difflib v1.0.0/go.mod h1:iKH77koFhYxTK1pcRnkKkqfTogsbg7gZNVY4sRDYZ/4=
github.com/sahilm/fuzzy v0.1.0 h1:FzWGaw2Opqyu+794ZQ9SYifWv2EIXpwP4q8dY1kDAwI=
github.com/sahilm/fuzzy v0.1.0/go.mod h1:VFvziUEIMCrT6A6tw2RFIXPXXmzXbOsSHF0DOI8ZK9Y=
github.com/snhmibby/filebuf v0.0.0-20210924193811-90683552269d h1:JHs7jykbZ6trHrAww3smsNu0OjlgFfmdWdLlzcLNBLU=
github.com/snhmibby/filebuf v0.0.0-20210924193811-90683552269d/go.mod h1:/aMMmTCuCXy4vdKIn5eiMb/lfgjIbpONr/fuEOxSiWI=
github.com/snhmibby/filebuf v0.0.0-20211007205637-09d9d55bb255 h1:91IG2VvgC2UwB9yrRvDPq5sX/L9uquziIUHBtOIJrHY=
github.com/snhmibby/filebuf v0.0.0-20211007205637-09d9d55bb255/go.mod h1:/aMMmTCuCXy4vdKIn5eiMb/lfgjIbpONr/fuEOxSiWI=
github.com/stretchr/objx v0.1.0/go.mod h1:HFkY916IF+rwdDfMAkV7OtwuqBVzrE8GR6GFx+wExME=
github.com/stretchr/testify v1.7.0 h1:nwc3DEeHmmLAfoZucVR881uASk0Mfjw8xYJ99tb5CcY=
github.com/stretchr/testify v1.7.0/go.mod h1:6Fq8oRcR53rry900zMqJjRRixrwX3KX962/h/Wwjteg=
github.com/vinzmay/go-rope v0.0.0-20140903160433-d4b1498b37c3 h1:AwfeOj7J7/WonoYX6/ddXFtzOzN9XUANnalOP8iR7JE=
github.com/zyedidia/rope v0.0.0-20210616205215-37fbf22eab3a h1:+VbuFCNAjzVffErUlm0TIAZClFxFZwJ1il6qtWrnIg8=
golang.org/x/crypto v0.0.0-20190308221718-c2843e01d9a2/go.mod h1:djNgcEr1/C05ACkg1iLfiJU5Ep61QUkGW8qpdssI0+w=
golang.org/x/exp v0.0.0-20210903233438-a2d0902c3ac7 h1:Zwv7RLDIqf9EUEQyR7ZcXdiC4R7yyBRFgXoUSaYm1jY=
golang.org/x/exp v0.0.0-20210903233438-a2d0902c3ac7/go.mod h1:a3o/VtDNHN+dCVLEpzjjUHOzR+Ln3DHX056ZPzoZGGA=
golang.org/x/net v0.0.0-20200513185701-a91f0712d120 h1:EZ3cVSzKOlJxAd8e8YAJ7no8nNypTxexh/YE/xW3ZEY=
golang.org/x/net v0.0.0-20200513185701-a91f0712d120/go.mod h1:qpuaurCH72eLCgpAm/N6yyVIVM9cpaDIP3A8BGJEC5A=
golang.org/x/net v0.0.0-20210405180319-a5a99cb37ef4 h1:4nGaVu0QrbjT/AK2PRLuQfQuh6DJve+pELhqTdAj3x0=
golang.org/x/net v0.0.0-20210405180319-a5a99cb37ef4/go.mod h1:p54w0d4576C0XHj96bSt6lcn1PtDYWL6XObtHCRCNQM=
golang.org/x/net v0.0.0-20211029224645-99673261e6eb h1:pirldcYWx7rx7kE5r+9WsOXPXK0+WH5+uZ7uPmJ44uM=
golang.org/x/net v0.0.0-20211029224645-99673261e6eb/go.mod h1:9nx3DQGgdP8bBQD5qxJ1jj9UTztislL4KSBs9R2vV5Y=
golang.org/x/sys v0.0.0-20190215142949-d0b11bdaac8a/go.mod h1:STP8DvDyc/dI5b8T5hshtkjS+E42TnysNCUPdjciGhY=
golang.org/x/sys v0.0.0-20200323222414-85ca7c5b95cd/go.mod h1:h1NjWce9XRLGQEsW7wpKNCjG9DtNlClVuFLEZdDNbEs=
golang.org/x/sys v0.0.0-20201119102817-f84b799fce68/go.mod h1:h1NjWce9XRLGQEsW7wpKNCjG9DtNlClVuFLEZdDNbEs=
golang.org/x/sys v0.0.0-20210330210617-4fbd30eecc44/go.mod h1:h1NjWce9XRLGQEsW7wpKNCjG9DtNlClVuFLEZdDNbEs=
golang.org/x/sys v0.0.0-20210423082822-04245dca01da/go.mod h1:h1NjWce9XRLGQEsW7wpKNCjG9DtNlClVuFLEZdDNbEs=
golang.org/x/term v0.0.0-20201126162022-7de9c90e9dd1/go.mod h1:bj7SfCRtBDWHUb9snDiAeCFNEtKQo2Wmx5Cou7ajbmo=
golang.org/x/text v0.3.0/go.mod h1:NqM8EUOU14njkJ3fqMW+pc6Ldnwhi/IjpwHt7yyuwOQ=
golang.org/x/text v0.3.3/go.mod h1:5Zoc/QRtKVWzQhOtBMvqHzDpF6irO9z98xDceosuGiQ=
golang.org/x/text v0.3.6/go.mod h1:5Zoc/QRtKVWzQhOtBMvqHzDpF6irO9z98xDceosuGiQ=
golang.org/x/tools v0.0.0-20180917221912-90fa682c2a6e/go.mod h1:n7NCudcB/nEzxVGmLbDWY5pfWTLqBcC2KZ6jyYvM4mQ=
gopkg.in/check.v1 v0.0.0-20161208181325-20d25e280405/go.mod h1:Co6ibVJAznAaIkqp8huTwlJQCZ016jof/cbN4VW5Yz0=
gopkg.in/yaml.v3 v3.0.0-20200313102051-9f266ea9e77c h1:dUUwHk2QECo/6vqA44rthZ8ie2QXMNeKRTHCNY2nXvo=
gopkg.in/yaml.v3 v3.0.0-20200313102051-9f266ea9e77c/go.mod h1:K4uyk7z7BCEPqu6E+C64Yfv1cQ7kz7rIZviUmN+EgEM=
